
Microsoft Visual Studio Solution File, Format Version 12.00
# Visual Studio Version 16
VisualStudioVersion = 16.0.31624.102
MinimumVisualStudioVersion = 10.0.40219.1
Project("{FAE04EC0-301F-11D3-BF4B-00C04F79EFBC}") = "Software", "Exercise2\Software.csproj", "{BD1F848F-0F4F-4D5F-8F15-D46478C0F3FB}"
EndProject
Global
	GlobalSection(SolutionConfigurationPlatforms) = preSolution
		Debug|Any CPU = Debug|Any CPU
		Release|Any CPU = Release|Any CPU
	EndGlobalSection
	GlobalSection(ProjectConfigurationPlatforms) = postSolution
		{BD1F848F-0F4F-4D5F-8F15-D46478C0F3FB}.Debug|Any CPU.ActiveCfg = Debug|Any CPU
		{BD1F848F-0F4F-4D5F-8F15-D46478C0F3FB}.Debug|Any CPU.Build.0 = Debug|Any CPU
		{BD1F848F-0F4F-4D5F-8F15-D46478C0F3FB}.Release|Any CPU.ActiveCfg = Release|Any CPU
		{BD1F848F-0F4F-4D5F-8F15-D46478C0F3FB}.Release|Any CPU.Build.0 = Release|Any CPU
	EndGlobalSection
	GlobalSection(SolutionProperties) = preSolution
		HideSolutionNode = FALSE
	EndGlobalSection
	GlobalSection(ExtensibilityGlobals) = postSolution
		SolutionGuid = {F27ADED0-2240-4F1D-8924-3C61046C0FBB}
	EndGlobalSection
EndGlobal
